
Microsoft Visual Studio Solution File, Format Version 12.00
# Visual Studio Version 16
VisualStudioVersion = 16.0.31112.23
MinimumVisualStudioVersion = 10.0.40219.1
Project("{FAE04EC0-301F-11D3-BF4B-00C04F79EFBC}") = "GameWiki.Android", "GameWiki\GameWiki.Android\GameWiki.Android.csproj", "{D57F2180-AC12-4E7F-BF47-188BD1CD658F}"
EndProject
Project("{FAE04EC0-301F-11D3-BF4B-00C04F79EFBC}") = "GameWiki.iOS", "GameWiki\GameWiki.iOS\GameWiki.iOS.csproj", "{9C40B249-E714-4203-B8FD-BFE530883DF1}"
EndProject
Project("{FAE04EC0-301F-11D3-BF4B-00C04F79EFBC}") = "GameWiki", "GameWiki\GameWiki\GameWiki.csproj", "{A130763D-44E4-4111-ACF9-F0A72C8BB009}"
EndProject
Global
	GlobalSection(SolutionConfigurationPlatforms) = preSolution
		Debug|Any CPU = Debug|Any CPU
		Debug|iPhone = Debug|iPhone
		Debug|iPhoneSimulator = Debug|iPhoneSimulator
		Release|Any CPU = Release|Any CPU
		Release|iPhone = Release|iPhone
		Release|iPhoneSimulator = Release|iPhoneSimulator
	EndGlobalSection
	GlobalSection(ProjectConfigurationPlatforms) = postSolution
		{D57F2180-AC12-4E7F-BF47-188BD1CD658F}.Debug|Any CPU.ActiveCfg = Debug|Any CPU
		{D57F2180-AC12-4E7F-BF47-188BD1CD658F}.Debug|Any CPU.Build.0 = Debug|Any CPU
		{D57F2180-AC12-4E7F-BF47-188BD1CD658F}.Debug|Any CPU.Deploy.0 = Debug|Any CPU
		{D57F2180-AC12-4E7F-BF47-188BD1CD658F}.Debug|iPhone.ActiveCfg = Debug|Any CPU
		{D57F2180-AC12-4E7F-BF47-188BD1CD658F}.Debug|iPhone.Build.0 = Debug|Any CPU
		{D57F2180-AC12-4E7F-BF47-188BD1CD658F}.Debug|iPhone.Deploy.0 = Debug|Any CPU
		{D57F2180-AC12-4E7F-BF47-188BD1CD658F}.Debug|iPhoneSimulator.ActiveCfg = Debug|Any CPU
		{D57F2180-AC12-4E7F-BF47-188BD1CD658F}.Debug|iPhoneSimulator.Build.0 = Debug|Any CPU
		{D57F2180-AC12-4E7F-BF47-188BD1CD658F}.Debug|iPhoneSimulator.Deploy.0 = Debug|Any CPU
		{D57F2180-AC12-4E7F-BF47-188BD1CD658F}.Release|Any CPU.ActiveCfg = Release|Any CPU
		{D57F2180-AC12-4E7F-BF47-188BD1CD658F}.Release|Any CPU.Build.0 = Release|Any CPU
		{D57F2180-AC12-4E7F-BF47-188BD1CD658F}.Release|Any CPU.Deploy.0 = Release|Any CPU
		{D57F2180-AC12-4E7F-BF47-188BD1CD658F}.Release|iPhone.ActiveCfg = Release|Any CPU
		{D57F2180-AC12-4E7F-BF47-188BD1CD658F}.Release|iPhone.Build.0 = Release|Any CPU
		{D57F2180-AC12-4E7F-BF47-188BD1CD658F}.Release|iPhone.Deploy.0 = Release|Any CPU
		{D57F2180-AC12-4E7F-BF47-188BD1CD658F}.Release|iPhoneSimulator.ActiveCfg = Release|Any CPU
		{D57F2180-AC12-4E7F-BF47-188BD1CD658F}.Release|iPhoneSimulator.Build.0 = Release|Any CPU
		{D57F2180-AC12-4E7F-BF47-188BD1CD658F}.Release|iPhoneSimulator.Deploy.0 = Release|Any CPU
		{9C40B249-E714-4203-B8FD-BFE530883DF1}.Debug|Any CPU.ActiveCfg = Debug|iPhone
		{9C40B249-E714-4203-B8FD-BFE530883DF1}.Debug|Any CPU.Build.0 = Debug|iPhone
		{9C40B249-E714-4203-B8FD-BFE530883DF1}.Debug|Any CPU.Deploy.0 = Debug|iPhone
		{9C40B249-E714-4203-B8FD-BFE530883DF1}.Debug|iPhone.ActiveCfg = Debug|iPhone
		{9C40B249-E714-4203-B8FD-BFE530883DF1}.Debug|iPhone.Build.0 = Debug|iPhone
		{9C40B249-E714-4203-B8FD-BFE530883DF1}.Debug|iPhone.Deploy.0 = Debug|iPhone
		{9C40B249-E714-4203-B8FD-BFE530883DF1}.Debug|iPhoneSimulator.ActiveCfg = Debug|iPhoneSimulator
		{9C40B249-E714-4203-B8FD-BFE530883DF1}.Debug|iPhoneSimulator.Build.0 = Debug|iPhoneSimulator
		{9C40B249-E714-4203-B8FD-BFE530883DF1}.Debug|iPhoneSimulator.Deploy.0 = Debug|iPhoneSimulator
		{9C40B249-E714-4203-B8FD-BFE530883DF1}.Release|Any CPU.ActiveCfg = Release|iPhoneSimulator
		{9C40B249-E714-4203-B8FD-BFE530883DF1}.Release|Any CPU.Build.0 = Release|iPhoneSimulator
		{9C40B249-E714-4203-B8FD-BFE530883DF1}.Release|Any CPU.Deploy.0 = Release|iPhoneSimulator
		{9C40B249-E714-4203-B8FD-BFE530883DF1}.Release|iPhone.ActiveCfg = Release|iPhone
		{9C40B249-E714-4203-B8FD-BFE530883DF1}.Release|iPhone.Build.0 = Release|iPhone
		{9C40B249-E714-4203-B8FD-BFE530883DF1}.Release|iPhone.Deploy.0 = Release|iPhone
		{9C40B249-E714-4203-B8FD-BFE530883DF1}.Release|iPhoneSimulator.ActiveCfg = Release|iPhoneSimulator
		{9C40B249-E714-4203-B8FD-BFE530883DF1}.Release|iPhoneSimulator.Build.0 = Release|iPhoneSimulator
		{9C40B249-E714-4203-B8FD-BFE530883DF1}.Release|iPhoneSimulator.Deploy.0 = Release|iPhoneSimulator
		{A130763D-44E4-4111-ACF9-F0A72C8BB009}.Debug|Any CPU.ActiveCfg = Debug|Any CPU
		{A130763D-44E4-4111-ACF9-F0A72C8BB009}.Debug|Any CPU.Build.0 = Debug|Any CPU
		{A130763D-44E4-4111-ACF9-F0A72C8BB009}.Debug|Any CPU.Deploy.0 = Debug|Any CPU
		{A130763D-44E4-4111-ACF9-F0A72C8BB009}.Debug|iPhone.ActiveCfg = Debug|Any CPU
		{A130763D-44E4-4111-ACF9-F0A72C8BB009}.Debug|iPhone.Build.0 = Debug|Any CPU
		{A130763D-44E4-4111-ACF9-F0A72C8BB009}.Debug|iPhone.Deploy.0 = Debug|Any CPU
		{A130763D-44E4-4111-ACF9-F0A72C8BB009}.Debug|iPhoneSimulator.ActiveCfg = Debug|Any CPU
		{A130763D-44E4-4111-ACF9-F0A72C8BB009}.Debug|iPhoneSimulator.Build.0 = Debug|Any CPU
		{A130763D-44E4-4111-ACF9-F0A72C8BB009}.Debug|iPhoneSimulator.Deploy.0 = Debug|Any CPU
		{A130763D-44E4-4111-ACF9-F0A72C8BB009}.Release|Any CPU.ActiveCfg = Release|Any CPU
		{A130763D-44E4-4111-ACF9-F0A72C8BB009}.Release|Any CPU.Build.0 = Release|Any CPU
		{A130763D-44E4-4111-ACF9-F0A72C8BB009}.Release|Any CPU.Deploy.0 = Release|Any CPU
		{A130763D-44E4-4111-ACF9-F0A72C8BB009}.Release|iPhone.ActiveCfg = Release|Any CPU
		{A130763D-44E4-4111-ACF9-F0A72C8BB009}.Release|iPhone.Build.0 = Release|Any CPU
		{A130763D-44E4-4111-ACF9-F0A72C8BB009}.Release|iPhone.Deploy.0 = Release|Any CPU
		{A130763D-44E4-4111-ACF9-F0A72C8BB009}.Release|iPhoneSimulator.ActiveCfg = Release|Any CPU
		{A130763D-44E4-4111-ACF9-F0A72C8BB009}.Release|iPhoneSimulator.Build.0 = Release|Any CPU
		{A130763D-44E4-4111-ACF9-F0A72C8BB009}.Release|iPhoneSimulator.Deploy.0 = Release|Any CPU
	EndGlobalSection
	GlobalSection(SolutionProperties) = preSolution
		HideSolutionNode = FALSE
	EndGlobalSection
	GlobalSection(ExtensibilityGlobals) = postSolution
		SolutionGuid = {42279F0C-370C-4E5E-B4ED-FD3249975EBC}
	EndGlobalSection
EndGlobal
